
Microsoft Visual Studio Solution File, Format Version 12.00
# Visual Studio 15
VisualStudioVersion = 15.0.27130.2020
MinimumVisualStudioVersion = 10.0.40219.1
Project("{FAE04EC0-301F-11D3-BF4B-00C04F79EFBC}") = "DesignPattern", "DesignPattern\DesignPattern.csproj", "{7CC82D8E-E0AE-474D-A20A-C431DD52E8EE}"
EndProject
Global
	GlobalSection(SolutionConfigurationPlatforms) = preSolution
		Debug|Any CPU = Debug|Any CPU
		Release|Any CPU = Release|Any CPU
	EndGlobalSection
	GlobalSection(ProjectConfigurationPlatforms) = postSolution
		{7CC82D8E-E0AE-474D-A20A-C431DD52E8EE}.Debug|Any CPU.ActiveCfg = Debug|Any CPU
		{7CC82D8E-E0AE-474D-A20A-C431DD52E8EE}.Debug|Any CPU.Build.0 = Debug|Any CPU
		{7CC82D8E-E0AE-474D-A20A-C431DD52E8EE}.Release|Any CPU.ActiveCfg = Release|Any CPU
		{7CC82D8E-E0AE-474D-A20A-C431DD52E8EE}.Release|Any CPU.Build.0 = Release|Any CPU
	EndGlobalSection
	GlobalSection(SolutionProperties) = preSolution
		HideSolutionNode = FALSE
	EndGlobalSection
	GlobalSection(ExtensibilityGlobals) = postSolution
		SolutionGuid = {DCA9740F-ABC5-4DE3-A2A4-0E5EF984F7FA}
	EndGlobalSection
EndGlobal
